dependencies:
- name: opensearch
  repository: https://opensearch-project.github.io/helm-charts/
  version: 2.30.0
- name: kafka
  repository: oci://registry-1.docker.io/bitnamicharts
  version: 31.1.1
- name: valkey
  repository: oci://registry-1.docker.io/bitnamicharts
  version: 2.2.1
- name: opentelemetry-demo
  repository: https://open-telemetry.github.io/opentelemetry-helm-charts
  version: 0.33.8
digest: sha256:0319ff0ee9bae3f87ef52b5b620a329a231012e396193e1b462623c49c9e89cc
generated: "2025-01-07T16:35:27.340278-05:00"
