dependencies:
- name: opensearch
  repository: https://opensearch-project.github.io/helm-charts/
  version: 2.30.0
- name: kafka
  repository: oci://registry-1.docker.io/bitnamicharts
  version: 31.1.1
- name: valkey
  repository: oci://registry-1.docker.io/bitnamicharts
  version: 2.2.1
- name: jaeger
  repository: https://jaegertracing.github.io/helm-charts
  version: 3.3.3
- name: prometheus
  repository: https://prometheus-community.github.io/helm-charts
  version: 26.1.0
- name: opentelemetry-demo
  repository: https://open-telemetry.github.io/opentelemetry-helm-charts
  version: 0.33.8
digest: sha256:9cb99788c53d8c7942e6eb2e287dfcf30384858d9c9edd5fc3404daeae06d01c
generated: "2025-01-08T03:49:57.46498-05:00"
