dependencies:
- name: opentelemetry-demo
  repository: https://open-telemetry.github.io/opentelemetry-helm-charts
  version: 0.33.8
- name: opensearch
  repository: https://opensearch-project.github.io/helm-charts/
  version: 2.30.0
digest: sha256:b24983383c12a3cbb4ba2d9611a1d6f71a89e6ca769d192346f6aec8117f8cf4
generated: "2025-01-04T23:35:33.414207-05:00"
