dependencies:
- name: metallb
  repository: https://metallb.github.io/metallb
  version: 0.14.8
- name: cert-manager
  repository: https://charts.jetstack.io
  version: v1.16.2
- name: traefik
  repository: https://traefik.github.io/charts
  version: 33.0.0
digest: sha256:6cb8448248e1ca935671bc58ba205bf108d53dd6f7db00ba72a84b5c04ba3ada
generated: "2024-12-03T04:42:31.999726-05:00"
