dependencies:
- name: alertmanager
  repository: https://prometheus-community.github.io/helm-charts
  version: 1.14.0
- name: grafana
  repository: https://grafana.github.io/helm-charts
  version: 8.8.4
- name: memcached
  repository: oci://registry-1.docker.io/bitnamicharts
  version: 7.6.1
- name: loki
  repository: https://grafana.github.io/helm-charts
  version: 6.25.0
digest: sha256:36c7240d630e24b26072e2d6066f287f7ef2895c75f0cf7567cdd087e6666174
generated: "2025-01-19T21:04:54.582319-05:00"
