dependencies:
- name: jaeger
  repository: https://jaegertracing.github.io/helm-charts
  version: 3.3.3
- name: zipkin
  repository: https://zipkin.io/zipkin-helm
  version: 0.3.4
digest: sha256:fc6f38facc1ea8ba7a308f1c0aaad85f84702cef5e8f6b8af0387c7ebe6fd146
generated: "2024-12-09T18:16:38.554098-05:00"
