dependencies:
- name: reflector
  repository: https://emberstack.github.io/helm-charts
  version: 7.1.288
- name: metallb
  repository: https://metallb.github.io/metallb
  version: 0.14.9
- name: cert-manager
  repository: https://charts.jetstack.io
  version: v1.16.2
- name: traefik
  repository: https://traefik.github.io/charts
  version: 34.3.0
digest: sha256:22c38040fddaa0594d3f5e841fb851a4db67f8702913c3bd0bc334d0fa42f7c6
generated: "2025-02-10T23:44:38.765533-05:00"
