dependencies:
- name: reflector
  repository: https://emberstack.github.io/helm-charts
  version: 7.1.288
- name: metallb
  repository: https://metallb.github.io/metallb
  version: 0.14.9
- name: cert-manager
  repository: https://charts.jetstack.io
  version: v1.16.2
- name: traefik
  repository: https://traefik.github.io/charts
  version: 34.3.0
- name: external-secrets
  repository: https://charts.external-secrets.io
  version: 0.14.3
digest: sha256:def81a5cabde1bb000903d36d3a2bbbb67a75ce2f4716da1668fc78098e081a9
generated: "2025-03-02T20:07:00.553409+07:00"
