dependencies:
- name: coroot
  repository: https://coroot.github.io/helm-charts
  version: 0.16.13
- name: coroot-operator
  repository: https://coroot.github.io/helm-charts
  version: 0.2.0
digest: sha256:2be7c9bf61a89099cb4d412b4de56f1354e89045ea601eee32909eb91a0e4481
generated: "2025-01-16T02:03:50.426928-05:00"
