dependencies:
- name: opentelemetry-operator
  repository: https://open-telemetry.github.io/opentelemetry-helm-charts
  version: 0.75.1
- name: opentelemetry-collector
  repository: https://open-telemetry.github.io/opentelemetry-helm-charts
  version: 0.111.0
- name: opentelemetry-ebpf
  repository: https://open-telemetry.github.io/opentelemetry-helm-charts
  version: 0.1.4
- name: opentelemetry-kube-stack
  repository: https://open-telemetry.github.io/opentelemetry-helm-charts
  version: 0.3.9
digest: sha256:e344048413e55479a22fc191ab21f3102538b1205ad7c34f209e57ad14ee753a
generated: "2025-01-02T16:37:20.259063-05:00"
