dependencies:
- name: opentelemetry-operator
  repository: https://open-telemetry.github.io/opentelemetry-helm-charts
  version: 0.75.1
- name: opentelemetry-collector
  repository: https://open-telemetry.github.io/opentelemetry-helm-charts
  version: 0.111.0
- name: opentelemetry-kube-stack
  repository: https://open-telemetry.github.io/opentelemetry-helm-charts
  version: 0.3.9
digest: sha256:d07f956fd2cbff31c4597c1bb339e2f6166fc7ed7bedd63fb6c9685606003f59
generated: "2025-01-03T11:55:25.830077-05:00"
