dependencies:
- name: rook-ceph
  repository: https://charts.rook.io/release
  version: v1.16.3
- name: rook-ceph-cluster
  repository: https://charts.rook.io/release
  version: v1.16.3
digest: sha256:46a8658759f09e8d1073a28569851626088fb2c3edd14a553521906cbd87290c
generated: "2025-02-13T23:41:19.715626-05:00"
