dependencies:
- name: metallb
  repository: https://metallb.github.io/metallb
  version: 0.14.9
- name: cert-manager
  repository: https://charts.jetstack.io
  version: v1.16.2
- name: traefik
  repository: https://traefik.github.io/charts
  version: 34.1.0
digest: sha256:df7faf8643059a6582f34d0417eacb2e4e96ca27cc356f25ed21dd72705db25b
generated: "2025-01-19T20:04:53.240007-05:00"
