dependencies:
- name: tls-certs
  repository: file://./custom-charts/tls-certs
  version: 0.1.0
- name: jaeger
  repository: https://jaegertracing.github.io/helm-charts
  version: 3.3.3
- name: jaeger-operator
  repository: https://jaegertracing.github.io/helm-charts
  version: 2.57.0
- name: zipkin
  repository: https://zipkin.io/zipkin-helm
  version: 0.3.4
- name: opentelemetry-collector
  repository: https://open-telemetry.github.io/opentelemetry-helm-charts
  version: 0.111.2
digest: sha256:135f669d59257bd5fd15e8dae3fbcdfef33c217ffdd3935a6c1d66eca4dd6efe
generated: "2025-02-03T23:26:32.864985-05:00"
