dependencies:
- name: tls-certs
  repository: file://./custom-charts/tls-certs
  version: 0.1.0
- name: jaeger
  repository: https://jaegertracing.github.io/helm-charts
  version: 3.3.3
- name: zipkin
  repository: oci://registry-1.docker.io/bitnamicharts
  version: 1.1.0
digest: sha256:3d6f497331f508b30b2da51278dc8748d6b6d175de6ae3840562df102e86afdb
generated: "2024-12-26T02:23:01.694825-05:00"
